
Microsoft Visual Studio Solution File, Format Version 12.00
# Visual Studio Version 17
VisualStudioVersion = 17.1.32319.34
MinimumVisualStudioVersion = 10.0.40219.1
Project("{FAE04EC0-301F-11D3-BF4B-00C04F79EFBC}") = "TudasBazis", "TudasBazis\TudasBazis.csproj", "{FC30BB24-346F-4D1F-A71A-AAAB188C880D}"
EndProject
Global
	GlobalSection(SolutionConfigurationPlatforms) = preSolution
		Debug|Any CPU = Debug|Any CPU
		Release|Any CPU = Release|Any CPU
	EndGlobalSection
	GlobalSection(ProjectConfigurationPlatforms) = postSolution
		{FC30BB24-346F-4D1F-A71A-AAAB188C880D}.Debug|Any CPU.ActiveCfg = Debug|Any CPU
		{FC30BB24-346F-4D1F-A71A-AAAB188C880D}.Debug|Any CPU.Build.0 = Debug|Any CPU
		{FC30BB24-346F-4D1F-A71A-AAAB188C880D}.Release|Any CPU.ActiveCfg = Release|Any CPU
		{FC30BB24-346F-4D1F-A71A-AAAB188C880D}.Release|Any CPU.Build.0 = Release|Any CPU
	EndGlobalSection
	GlobalSection(SolutionProperties) = preSolution
		HideSolutionNode = FALSE
	EndGlobalSection
	GlobalSection(ExtensibilityGlobals) = postSolution
		SolutionGuid = {78E09CA1-EEB4-4528-888D-CFE16EEF8E19}
	EndGlobalSection
EndGlobal
